// !$*UTF8*$!
{
	archiveVersion = 1;
	classes = {
	};
	objectVersion = 50;
	objects = {

/* Begin PBXBuildFile section */
		6B4664F7239D40F400B51DF3 /* AppDelegate.swift in Sources */ = {isa = PBXBuildFile; fileRef = 6B4664F6239D40F400B51DF3 /* AppDelegate.swift */; };
		6B4664F9239D40F400B51DF3 /* SceneDelegate.swift in Sources */ = {isa = PBXBuildFile; fileRef = 6B4664F8239D40F400B51DF3 /* SceneDelegate.swift */; };
		6B4664FB239D40F400B51DF3 /* ContentView.swift in Sources */ = {isa = PBXBuildFile; fileRef = 6B4664FA239D40F400B51DF3 /* ContentView.swift */; };
		6B4664FD239D40F600B51DF3 /* Assets.xcassets in Resources */ = {isa = PBXBuildFile; fileRef = 6B4664FC239D40F600B51DF3 /* Assets.xcassets */; };
		6B466500239D40F600B51DF3 /* Preview Assets.xcassets in Resources */ = {isa = PBXBuildFile; fileRef = 6B4664FF239D40F600B51DF3 /* Preview Assets.xcassets */; };
		6B466503239D40F600B51DF3 /* LaunchScreen.storyboard in Resources */ = {isa = PBXBuildFile; fileRef = 6B466501239D40F600B51DF3 /* LaunchScreen.storyboard */; };
		86DE326184EC9F09A6856FFD /* Pods_AppCocoapodIOS.framework in Frameworks */ = {isa = PBXBuildFile; fileRef = 3A672E7E2D04F2CAD9D1EE46 /* Pods_AppCocoapodIOS.framework */; };
/* End PBXBuildFile section */

/* Begin PBXFileReference section */
		3A672E7E2D04F2CAD9D1EE46 /* Pods_AppCocoapodIOS.framework */ = {isa = PBXFileReference; explicitFileType = wrapper.framework; includeInIndex = 0; path = Pods_AppCocoapodIOS.framework; sourceTree = BUILT_PRODUCTS_DIR; };
		6B4664F3239D40F400B51DF3 /* AppCocoapodIOS.app */ = {isa = PBXFileReference; explicitFileType = wrapper.application; includeInIndex = 0; path = AppCocoapodIOS.app; sourceTree = BUILT_PRODUCTS_DIR; };
		6B4664F6239D40F400B51DF3 /* AppDelegate.swift */ = {isa = PBXFileReference; lastKnownFileType = sourcecode.swift; path = AppDelegate.swift; sourceTree = "<group>"; };
		6B4664F8239D40F400B51DF3 /* SceneDelegate.swift */ = {isa = PBXFileReference; lastKnownFileType = sourcecode.swift; path = SceneDelegate.swift; sourceTree = "<group>"; };
		6B4664FA239D40F400B51DF3 /* ContentView.swift */ = {isa = PBXFileReference; lastKnownFileType = sourcecode.swift; path = ContentView.swift; sourceTree = "<group>"; };
		6B4664FC239D40F600B51DF3 /* Assets.xcassets */ = {isa = PBXFileReference; lastKnownFileType = folder.assetcatalog; path = Assets.xcassets; sourceTree = "<group>"; };
		6B4664FF239D40F600B51DF3 /* Preview Assets.xcassets */ = {isa = PBXFileReference; lastKnownFileType = folder.assetcatalog; path = "Preview Assets.xcassets"; sourceTree = "<group>"; };
		6B466502239D40F600B51DF3 /* Base */ = {isa = PBXFileReference; lastKnownFileType = file.storyboard; name = Base; path = Base.lproj/LaunchScreen.storyboard; sourceTree = "<group>"; };
		6B466504239D40F600B51DF3 /* Info.plist */ = {isa = PBXFileReference; lastKnownFileType = text.plist.xml; path = Info.plist; sourceTree = "<group>"; };
		A3DC4E96A68F9FE14D74D233 /* Pods-AppCocoapodIOS.release.xcconfig */ = {isa = PBXFileReference; includeInIndex = 1; lastKnownFileType = text.xcconfig; name = "Pods-AppCocoapodIOS.release.xcconfig"; path = "Target Support Files/Pods-AppCocoapodIOS/Pods-AppCocoapodIOS.release.xcconfig"; sourceTree = "<group>"; };
		FAE9B08EEA6175FF19A92FA7 /* Pods-AppCocoapodIOS.debug.xcconfig */ = {isa = PBXFileReference; includeInIndex = 1; lastKnownFileType = text.xcconfig; name = "Pods-AppCocoapodIOS.debug.xcconfig"; path = "Target Support Files/Pods-AppCocoapodIOS/Pods-AppCocoapodIOS.debug.xcconfig"; sourceTree = "<group>"; };
/* End PBXFileReference section */

/* Begin PBXFrameworksBuildPhase section */
		6B4664F0239D40F400B51DF3 /* Frameworks */ = {
			isa = PBXFrameworksBuildPhase;
			buildActionMask = 2147483647;
			files = (
				86DE326184EC9F09A6856FFD /* Pods_AppCocoapodIOS.framework in Frameworks */,
			);
			runOnlyForDeploymentPostprocessing = 0;
		};
/* End PBXFrameworksBuildPhase section */

/* Begin PBXGroup section */
		3DCB5265F0FB1DCF087C2E3E /* Pods */ = {
			isa = PBXGroup;
			children = (
				FAE9B08EEA6175FF19A92FA7 /* Pods-AppCocoapodIOS.debug.xcconfig */,
				A3DC4E96A68F9FE14D74D233 /* Pods-AppCocoapodIOS.release.xcconfig */,
			);
			name = Pods;
			path = Pods;
			sourceTree = "<group>";
		};
		6B4664EA239D40F300B51DF3 = {
			isa = PBXGroup;
			children = (
				6B4664F5239D40F400B51DF3 /* AppCocoapodIOS */,
				6B4664F4239D40F400B51DF3 /* Products */,
				3DCB5265F0FB1DCF087C2E3E /* Pods */,
				C0FB306677AE64449545CA85 /* Frameworks */,
			);
			sourceTree = "<group>";
		};
		6B4664F4239D40F400B51DF3 /* Products */ = {
			isa = PBXGroup;
			children = (
				6B4664F3239D40F400B51DF3 /* AppCocoapodIOS.app */,
			);
			name = Products;
			sourceTree = "<group>";
		};
		6B4664F5239D40F400B51DF3 /* AppCocoapodIOS */ = {
			isa = PBXGroup;
			children = (
				6B4664F6239D40F400B51DF3 /* AppDelegate.swift */,
				6B4664F8239D40F400B51DF3 /* SceneDelegate.swift */,
				6B4664FA239D40F400B51DF3 /* ContentView.swift */,
				6B4664FC239D40F600B51DF3 /* Assets.xcassets */,
				6B466501239D40F600B51DF3 /* LaunchScreen.storyboard */,
				6B466504239D40F600B51DF3 /* Info.plist */,
				6B4664FE239D40F600B51DF3 /* Preview Content */,
			);
			path = AppCocoapodIOS;
			sourceTree = "<group>";
		};
		6B4664FE239D40F600B51DF3 /* Preview Content */ = {
			isa = PBXGroup;
			children = (
				6B4664FF239D40F600B51DF3 /* Preview Assets.xcassets */,
			);
			path = "Preview Content";
			sourceTree = "<group>";
		};
		C0FB306677AE64449545CA85 /* Frameworks */ = {
			isa = PBXGroup;
			children = (
				3A672E7E2D04F2CAD9D1EE46 /* Pods_AppCocoapodIOS.framework */,
			);
			name = Frameworks;
			sourceTree = "<group>";
		};
/* End PBXGroup section */

/* Begin PBXNativeTarget section */
		6B4664F2239D40F400B51DF3 /* AppCocoapodIOS */ = {
			isa = PBXNativeTarget;
			buildConfigurationList = 6B466507239D40F600B51DF3 /* Build configuration list for PBXNativeTarget "AppCocoapodIOS" */;
			buildPhases = (
				985F5A4F8DB0114B7822A8E7 /* [CP] Check Pods Manifest.lock */,
				6B4664EF239D40F400B51DF3 /* Sources */,
				6B4664F0239D40F400B51DF3 /* Frameworks */,
				6B4664F1239D40F400B51DF3 /* Resources */,
				5E7F72CA1068D5EDDE9A9E00 /* [CP] Embed Pods Frameworks */,
			);
			buildRules = (
			);
			dependencies = (
			);
			name = AppCocoapodIOS;
			productName = AppCocoapodIOS;
			productReference = 6B4664F3239D40F400B51DF3 /* AppCocoapodIOS.app */;
			productType = "com.apple.product-type.application";
		};
/* End PBXNativeTarget section */

/* Begin PBXProject section */
		6B4664EB239D40F300B51DF3 /* Project object */ = {
			isa = PBXProject;
			attributes = {
				LastSwiftUpdateCheck = 1110;
				LastUpgradeCheck = 1110;
				ORGANIZATIONNAME = "Hamilton Ferreira";
				TargetAttributes = {
					6B4664F2239D40F400B51DF3 = {
						CreatedOnToolsVersion = 11.1;
					};
				};
			};
			buildConfigurationList = 6B4664EE239D40F300B51DF3 /* Build configuration list for PBXProject "AppCocoapodIOS" */;
			compatibilityVersion = "Xcode 9.3";
			developmentRegion = en;
			hasScannedForEncodings = 0;
			knownRegions = (
				en,
				Base,
			);
			mainGroup = 6B4664EA239D40F300B51DF3;
			productRefGroup = 6B4664F4239D40F400B51DF3 /* Products */;
			projectDirPath = "";
			projectRoot = "";
			targets = (
				6B4664F2239D40F400B51DF3 /* AppCocoapodIOS */,
			);
		};
/* End PBXProject section */

/* Begin PBXResourcesBuildPhase section */
		6B4664F1239D40F400B51DF3 /* Resources */ = {
			isa = PBXResourcesBuildPhase;
			buildActionMask = 2147483647;
			files = (
				6B466503239D40F600B51DF3 /* LaunchScreen.storyboard in Resources */,
				6B466500239D40F600B51DF3 /* Preview Assets.xcassets in Resources */,
				6B4664FD239D40F600B51DF3 /* Assets.xcassets in Resources */,
			);
			runOnlyForDeploymentPostprocessing = 0;
		};
/* End PBXResourcesBuildPhase section */

/* Begin PBXShellScriptBuildPhase section */
		5E7F72CA1068D5EDDE9A9E00 /* [CP] Embed Pods Frameworks */ = {
			isa = PBXShellScriptBuildPhase;
			buildActionMask = 2147483647;
			files = (
			);
			inputFileListPaths = (
				"${PODS_ROOT}/Target Support Files/Pods-AppCocoapodIOS/Pods-AppCocoapodIOS-frameworks-${CONFIGURATION}-input-files.xcfilelist",
			);
			name = "[CP] Embed Pods Frameworks";
			outputFileListPaths = (
				"${PODS_ROOT}/Target Support Files/Pods-AppCocoapodIOS/Pods-AppCocoapodIOS-frameworks-${CONFIGURATION}-output-files.xcfilelist",
			);
			runOnlyForDeploymentPostprocessing = 0;
			shellPath = /bin/sh;
			shellScript = "\"${PODS_ROOT}/Target Support Files/Pods-AppCocoapodIOS/Pods-AppCocoapodIOS-frameworks.sh\"\n";
			showEnvVarsInLog = 0;
		};
		985F5A4F8DB0114B7822A8E7 /* [CP] Check Pods Manifest.lock */ = {
			isa = PBXShellScriptBuildPhase;
			buildActionMask = 2147483647;
			files = (
			);
			inputFileListPaths = (
			);
			inputPaths = (
				"${PODS_PODFILE_DIR_PATH}/Podfile.lock",
				"${PODS_ROOT}/Manifest.lock",
			);
			name = "[CP] Check Pods Manifest.lock";
			outputFileListPaths = (
			);
			outputPaths = (
				"$(DERIVED_FILE_DIR)/Pods-AppCocoapodIOS-checkManifestLockResult.txt",
			);
			runOnlyForDeploymentPostprocessing = 0;
			shellPath = /bin/sh;
			shellScript = "diff \"${PODS_PODFILE_DIR_PATH}/Podfile.lock\" \"${PODS_ROOT}/Manifest.lock\" > /dev/null\nif [ $? != 0 ] ; then\n    # print error to STDERR\n    echo \"error: The sandbox is not in sync with the Podfile.lock. Run 'pod install' or update your CocoaPods installation.\" >&2\n    exit 1\nfi\n# This output is used by Xcode 'outputs' to avoid re-running this script phase.\necho \"SUCCESS\" > \"${SCRIPT_OUTPUT_FILE_0}\"\n";
			showEnvVarsInLog = 0;
		};
/* End PBXShellScriptBuildPhase section */

/* Begin PBXSourcesBuildPhase section */
		6B4664EF239D40F400B51DF3 /* Sources */ = {
			isa = PBXSourcesBuildPhase;
			buildActionMask = 2147483647;
			files = (
				6B4664F7239D40F400B51DF3 /* AppDelegate.swift in Sources */,
				6B4664F9239D40F400B51DF3 /* SceneDelegate.swift in Sources */,
				6B4664FB239D40F400B51DF3 /* ContentView.swift in Sources */,
			);
			runOnlyForDeploymentPostprocessing = 0;
		};
/* End PBXSourcesBuildPhase section */

/* Begin PBXVariantGroup section */
		6B466501239D40F600B51DF3 /* LaunchScreen.storyboard */ = {
			isa = PBXVariantGroup;
			children = (
				6B466502239D40F600B51DF3 /* Base */,
			);
			name = LaunchScreen.storyboard;
			sourceTree = "<group>";
		};
/* End PBXVariantGroup section */

/* Begin XCBuildConfiguration section */
		6B466505239D40F600B51DF3 /* Debug */ = {
			isa = XCBuildConfiguration;
			buildSettings = {
				ALWAYS_SEARCH_USER_PATHS = NO;
				CLANG_ANALYZER_NONNULL = YES;
				CLANG_ANALYZER_NUMBER_OBJECT_CONVERSION = YES_AGGRESSIVE;
				CLANG_CXX_LANGUAGE_STANDARD = "gnu++14";
				CLANG_CXX_LIBRARY = "libc++";
				CLANG_ENABLE_MODULES = YES;
				CLANG_ENABLE_OBJC_ARC = YES;
				CLANG_ENABLE_OBJC_WEAK = YES;
				CLANG_WARN_BLOCK_CAPTURE_AUTORELEASING = YES;
				CLANG_WARN_BOOL_CONVERSION = YES;
				CLANG_WARN_COMMA = YES;
				CLANG_WARN_CONSTANT_CONVERSION = YES;
				CLANG_WARN_DEPRECATED_OBJC_IMPLEMENTATIONS = YES;
				CLANG_WARN_DIRECT_OBJC_ISA_USAGE = YES_ERROR;
				CLANG_WARN_DOCUMENTATION_COMMENTS = YES;
				CLANG_WARN_EMPTY_BODY = YES;
				CLANG_WARN_ENUM_CONVERSION = YES;
				CLANG_WARN_INFINITE_RECURSION = YES;
				CLANG_WARN_INT_CONVERSION = YES;
				CLANG_WARN_NON_LITERAL_NULL_CONVERSION = YES;
				CLANG_WARN_OBJC_IMPLICIT_RETAIN_SELF = YES;
				CLANG_WARN_OBJC_LITERAL_CONVERSION = YES;
				CLANG_WARN_OBJC_ROOT_CLASS = YES_ERROR;
				CLANG_WARN_RANGE_LOOP_ANALYSIS = YES;
				CLANG_WARN_STRICT_PROTOTYPES = YES;
				CLANG_WARN_SUSPICIOUS_MOVE = YES;
				CLANG_WARN_UNGUARDED_AVAILABILITY = YES_AGGRESSIVE;
				CLANG_WARN_UNREACHABLE_CODE = YES;
				CLANG_WARN__DUPLICATE_METHOD_MATCH = YES;
				COPY_PHASE_STRIP = NO;
				DEBUG_INFORMATION_FORMAT = dwarf;
				ENABLE_STRICT_OBJC_MSGSEND = YES;
				ENABLE_TESTABILITY = YES;
				GCC_C_LANGUAGE_STANDARD = gnu11;
				GCC_DYNAMIC_NO_PIC = NO;
				GCC_NO_COMMON_BLOCKS = YES;
				GCC_OPTIMIZATION_LEVEL = 0;
				GCC_PREPROCESSOR_DEFINITIONS = (
					"DEBUG=1",
					"$(inherited)",
				);
				GCC_WARN_64_TO_32_BIT_CONVERSION = YES;
				GCC_WARN_ABOUT_RETURN_TYPE = YES_ERROR;
				GCC_WARN_UNDECLARED_SELECTOR = YES;
				GCC_WARN_UNINITIALIZED_AUTOS = YES_AGGRESSIVE;
				GCC_WARN_UNUSED_FUNCTION = YES;
				GCC_WARN_UNUSED_VARIABLE = YES;
				IPHONEOS_DEPLOYMENT_TARGET = 13.1;
				MTL_ENABLE_DEBUG_INFO = INCLUDE_SOURCE;
				MTL_FAST_MATH = YES;
				ONLY_ACTIVE_ARCH = YES;
				SDKROOT = iphoneos;
				SWIFT_ACTIVE_COMPILATION_CONDITIONS = DEBUG;
				SWIFT_OPTIMIZATION_LEVEL = "-Onone";
			};
			name = Debug;
		};
		6B466506239D40F600B51DF3 /* Release */ = {
			isa = XCBuildConfiguration;
			buildSettings = {
				ALWAYS_SEARCH_USER_PATHS = NO;
				CLANG_ANALYZER_NONNULL = YES;
				CLANG_ANALYZER_NUMBER_OBJECT_CONVERSION = YES_AGGRESSIVE;
				CLANG_CXX_LANGUAGE_STANDARD = "gnu++14";
				CLANG_CXX_LIBRARY = "libc++";
				CLANG_ENABLE_MODULES = YES;
				CLANG_ENABLE_OBJC_ARC = YES;
				CLANG_ENABLE_OBJC_WEAK = YES;
				CLANG_WARN_BLOCK_CAPTURE_AUTORELEASING = YES;
				CLANG_WARN_BOOL_CONVERSION = YES;
				CLANG_WARN_COMMA = YES;
				CLANG_WARN_CONSTANT_CONVERSION = YES;
				CLANG_WARN_DEPRECATED_OBJC_IMPLEMENTATIONS = YES;
				CLANG_WARN_DIRECT_OBJC_ISA_USAGE = YES_ERROR;
				CLANG_WARN_DOCUMENTATION_COMMENTS = YES;
				CLANG_WARN_EMPTY_BODY = YES;
				CLANG_WARN_ENUM_CONVERSION = YES;
				CLANG_WARN_INFINITE_RECURSION = YES;
				CLANG_WARN_INT_CONVERSION = YES;
				CLANG_WARN_NON_LITERAL_NULL_CONVERSION = YES;
				CLANG_WARN_OBJC_IMPLICIT_RETAIN_SELF = YES;
				CLANG_WARN_OBJC_LITERAL_CONVERSION = YES;
				CLANG_WARN_OBJC_ROOT_CLASS = YES_ERROR;
				CLANG_WARN_RANGE_LOOP_ANALYSIS = YES;
				CLANG_WARN_STRICT_PROTOTYPES = YES;
				CLANG_WARN_SUSPICIOUS_MOVE = YES;
				CLANG_WARN_UNGUARDED_AVAILABILITY = YES_AGGRESSIVE;
				CLANG_WARN_UNREACHABLE_CODE = YES;
				CLANG_WARN__DUPLICATE_METHOD_MATCH = YES;
				COPY_PHASE_STRIP = NO;
				DEBUG_INFORMATION_FORMAT = "dwarf-with-dsym";
				ENABLE_NS_ASSERTIONS = NO;
				ENABLE_STRICT_OBJC_MSGSEND = YES;
				GCC_C_LANGUAGE_STANDARD = gnu11;
				GCC_NO_COMMON_BLOCKS = YES;
				GCC_WARN_64_TO_32_BIT_CONVERSION = YES;
				GCC_WARN_ABOUT_RETURN_TYPE = YES_ERROR;
				GCC_WARN_UNDECLARED_SELECTOR = YES;
				GCC_WARN_UNINITIALIZED_AUTOS = YES_AGGRESSIVE;
				GCC_WARN_UNUSED_FUNCTION = YES;
				GCC_WARN_UNUSED_VARIABLE = YES;
				IPHONEOS_DEPLOYMENT_TARGET = 13.1;
				MTL_ENABLE_DEBUG_INFO = NO;
				MTL_FAST_MATH = YES;
				SDKROOT = iphoneos;
				SWIFT_COMPILATION_MODE = wholemodule;
				SWIFT_OPTIMIZATION_LEVEL = "-O";
				VALIDATE_PRODUCT = YES;
			};
			name = Release;
		};
		6B466508239D40F600B51DF3 /* Debug */ = {
			isa = XCBuildConfiguration;
			baseConfigurationReference = FAE9B08EEA6175FF19A92FA7 /* Pods-AppCocoapodIOS.debug.xcconfig */;
			buildSettings = {
				ASSETCATALOG_COMPILER_APPICON_NAME = AppIcon;
				CODE_SIGN_STYLE = Automatic;
				DEVELOPMENT_ASSET_PATHS = "\"AppCocoapodIOS/Preview Content\"";
				ENABLE_PREVIEWS = YES;
				INFOPLIST_FILE = AppCocoapodIOS/Info.plist;
				LD_RUNPATH_SEARCH_PATHS = (
					"$(inherited)",
					"@executable_path/Frameworks",
				);
				PRODUCT_BUNDLE_IDENTIFIER = com.hrf.AppCocoapodIOS;
				PRODUCT_NAME = "$(TARGET_NAME)";
				SWIFT_VERSION = 5.0;
				TARGETED_DEVICE_FAMILY = "1,2";
			};
			name = Debug;
		};
		6B466509239D40F600B51DF3 /* Release */ = {
			isa = XCBuildConfiguration;
			baseConfigurationReference = A3DC4E96A68F9FE14D74D233 /* Pods-AppCocoapodIOS.release.xcconfig */;
			buildSettings = {
				ASSETCATALOG_COMPILER_APPICON_NAME = AppIcon;
				CODE_SIGN_STYLE = Automatic;
				DEVELOPMENT_ASSET_PATHS = "\"AppCocoapodIOS/Preview Content\"";
				ENABLE_PREVIEWS = YES;
				INFOPLIST_FILE = AppCocoapodIOS/Info.plist;
				LD_RUNPATH_SEARCH_PATHS = (
					"$(inherited)",
					"@executable_path/Frameworks",
				);
				PRODUCT_BUNDLE_IDENTIFIER = com.hrf.AppCocoapodIOS;
				PRODUCT_NAME = "$(TARGET_NAME)";
				SWIFT_VERSION = 5.0;
				TARGETED_DEVICE_FAMILY = "1,2";
			};
			name = Release;
		};
/* End XCBuildConfiguration section */

/* Begin XCConfigurationList section */
		6B4664EE239D40F300B51DF3 /* Build configuration list for PBXProject "AppCocoapodIOS" */ = {
			isa = XCConfigurationList;
			buildConfigurations = (
				6B466505239D40F600B51DF3 /* Debug */,
				6B466506239D40F600B51DF3 /* Release */,
			);
			defaultConfigurationIsVisible = 0;
			defaultConfigurationName = Release;
		};
		6B466507239D40F600B51DF3 /* Build configuration list for PBXNativeTarget "AppCocoapodIOS" */ = {
			isa = XCConfigurationList;
			buildConfigurations = (
				6B466508239D40F600B51DF3 /* Debug */,
				6B466509239D40F600B51DF3 /* Release */,
			);
			defaultConfigurationIsVisible = 0;
			defaultConfigurationName = Release;
		};
/* End XCConfigurationList section */
	};
	rootObject = 6B4664EB239D40F300B51DF3 /* Project object */;
}
